lockfileVersion: '9.0'

settings:
  autoInstallPeers: true
  excludeLinksFromLockfile: false

importers:

  .:
    devDependencies:
      '@mydaogs/shared-docs':
        specifier: ^0.9.0
        version: 0.9.0

packages:

  '@mydaogs/shared-docs@0.9.0':
    resolution: {integrity: sha512-vy7YwMFR2Bx8/D7vLRowAFdjq+TXabwfOppR7lumPbxrGrStXbRcmyH8TdK6F4Z8q3YfjxjvOJsFE4SRnguKfA==}
    hasBin: true

snapshots:

  '@mydaogs/shared-docs@0.9.0': {}
