lockfileVersion: '9.0'

settings:
  autoInstallPeers: true
  excludeLinksFromLockfile: false

importers:

  .:
    devDependencies:
      '@mydaogs/shared-docs':
        specifier: ^0.9.2
        version: 0.9.2

packages:

  '@mydaogs/shared-docs@0.9.2':
    resolution: {integrity: sha512-T8t7aKdgrMasr1OlBhx7BnhLFK7ga0iQqJS0/js2u026OuJes/2t2Zf9A7DF+QsoBJHS7icUFpa5G1zCmrkbvg==}
    hasBin: true

snapshots:

  '@mydaogs/shared-docs@0.9.2': {}
